
Microsoft Visual Studio Solution File, Format Version 12.00
# Visual Studio Version 17
VisualStudioVersion = 17.4.33122.133
MinimumVisualStudioVersion = 10.0.40219.1
Project("{9A19103F-16F7-4668-BE54-9A1E7A4F7556}") = "MiniEcommerce.Domain", "src\MiniEcommerce.Domain\MiniEcommerce.Domain.csproj", "{554AD327-6DBA-4F8F-96F8-81CE7A0C863F}"
EndProject
Project("{9A19103F-16F7-4668-BE54-9A1E7A4F7556}") = "MiniEcommerce.Application", "src\MiniEcommerce.Application\MiniEcommerce.Application.csproj", "{1A94A50E-06DC-43C1-80B5-B662820EC3EB}"
EndProject
Project("{9A19103F-16F7-4668-BE54-9A1E7A4F7556}") = "MiniEcommerce.EntityFrameworkCore", "src\MiniEcommerce.EntityFrameworkCore\MiniEcommerce.EntityFrameworkCore.csproj", "{C956DD76-69C8-4A9C-83EA-D17DF83340FD}"
EndProject
Project("{2150E333-8FDC-42A3-9474-1A3956D46DE8}") = "src", "src", "{CA9AC87F-097E-4F15-8393-4BC07735A5B0}"
EndProject
Project("{2150E333-8FDC-42A3-9474-1A3956D46DE8}") = "test", "test", "{04DBDB01-70F4-4E06-B468-8F87850B22BE}"
EndProject
Project("{9A19103F-16F7-4668-BE54-9A1E7A4F7556}") = "MiniEcommerce.Application.Tests", "test\MiniEcommerce.Application.Tests\MiniEcommerce.Application.Tests.csproj", "{50B2631D-129C-47B3-A587-029CCD6099BC}"
EndProject
Project("{9A19103F-16F7-4668-BE54-9A1E7A4F7556}") = "MiniEcommerce.Domain.Shared", "src\MiniEcommerce.Domain.Shared\MiniEcommerce.Domain.Shared.csproj", "{42F719ED-8413-4895-B5B4-5AB56079BC66}"
EndProject
Project("{9A19103F-16F7-4668-BE54-9A1E7A4F7556}") = "MiniEcommerce.Application.Contracts", "src\MiniEcommerce.Application.Contracts\MiniEcommerce.Application.Contracts.csproj", "{520659C8-C734-4298-A3DA-B539DB9DFC0B}"
EndProject
Project("{9A19103F-16F7-4668-BE54-9A1E7A4F7556}") = "MiniEcommerce.HttpApi", "src\MiniEcommerce.HttpApi\MiniEcommerce.HttpApi.csproj", "{4164BDF7-F527-4E85-9CE6-E3C2D7426A27}"
EndProject
Project("{9A19103F-16F7-4668-BE54-9A1E7A4F7556}") = "MiniEcommerce.HttpApi.Client", "src\MiniEcommerce.HttpApi.Client\MiniEcommerce.HttpApi.Client.csproj", "{3B5A0094-670D-4BB1-BFDD-61B88A8773DC}"
EndProject
Project("{9A19103F-16F7-4668-BE54-9A1E7A4F7556}") = "MiniEcommerce.AuthServer", "src\MiniEcommerce.AuthServer\MiniEcommerce.AuthServer.csproj", "{073C361E-B8F4-49F5-93CC-72A3FF49C026}"
EndProject
Project("{9A19103F-16F7-4668-BE54-9A1E7A4F7556}") = "MiniEcommerce.HttpApi.Host", "src\MiniEcommerce.HttpApi.Host\MiniEcommerce.HttpApi.Host.csproj", "{E6D5BF0E-DE92-4D82-A352-EF04B37CB11C}"
EndProject
Project("{9A19103F-16F7-4668-BE54-9A1E7A4F7556}") = "MiniEcommerce.EntityFrameworkCore.Tests", "test\MiniEcommerce.EntityFrameworkCore.Tests\MiniEcommerce.EntityFrameworkCore.Tests.csproj", "{1FE30EB9-74A9-47F5-A9F6-7B1FAB672D81}"
EndProject
Project("{9A19103F-16F7-4668-BE54-9A1E7A4F7556}") = "MiniEcommerce.TestBase", "test\MiniEcommerce.TestBase\MiniEcommerce.TestBase.csproj", "{91853F21-9CD9-4132-BC29-A7D5D84FFFE7}"
EndProject
Project("{9A19103F-16F7-4668-BE54-9A1E7A4F7556}") = "MiniEcommerce.Domain.Tests", "test\MiniEcommerce.Domain.Tests\MiniEcommerce.Domain.Tests.csproj", "{E512F4D9-9375-480F-A2F6-A46509F9D824}"
EndProject
Project("{9A19103F-16F7-4668-BE54-9A1E7A4F7556}") = "MiniEcommerce.HttpApi.Client.ConsoleTestApp", "test\MiniEcommerce.HttpApi.Client.ConsoleTestApp\MiniEcommerce.HttpApi.Client.ConsoleTestApp.csproj", "{EF480016-9127-4916-8735-D2466BDBC582}"
EndProject
Project("{9A19103F-16F7-4668-BE54-9A1E7A4F7556}") = "MiniEcommerce.DbMigrator", "src\MiniEcommerce.DbMigrator\MiniEcommerce.DbMigrator.csproj", "{AA94D832-1CCC-4715-95A9-A483F23A1A5D}"
EndProject
Project("{2150E333-8FDC-42A3-9474-1A3956D46DE8}") = "auth", "auth", "{97DF5E96-8BA0-40B9-83D7-C1E526D60A14}"
EndProject
Project("{2150E333-8FDC-42A3-9474-1A3956D46DE8}") = "common", "common", "{75E57837-C6D1-4F77-9C22-BF97F0EA422D}"
EndProject
Project("{2150E333-8FDC-42A3-9474-1A3956D46DE8}") = "domain", "domain", "{D96629BE-D17F-42F7-AFBF-F0C03188FE65}"
EndProject
Project("{2150E333-8FDC-42A3-9474-1A3956D46DE8}") = "infrastructure", "infrastructure", "{7CDADFDE-3D22-40BE-96FF-BE12E20A1CD9}"
EndProject
Project("{2150E333-8FDC-42A3-9474-1A3956D46DE8}") = "public", "public", "{A204E583-B5B1-48F3-9664-20214CE8B46C}"
EndProject
Project("{2150E333-8FDC-42A3-9474-1A3956D46DE8}") = "admin", "admin", "{805085C8-45B1-47C7-A1AE-389D9D9DA544}"
EndProject
Project("{9A19103F-16F7-4668-BE54-9A1E7A4F7556}") = "MiniEcommerce.Admin.Application", "src\MiniEcommerce.Admin.Application\MiniEcommerce.Admin.Application.csproj", "{C9786E74-7F38-47D3-A88F-7A63EB4A4108}"
EndProject
Project("{9A19103F-16F7-4668-BE54-9A1E7A4F7556}") = "MiniEcommerce.Admin.Application.Contracts", "src\MiniEcommerce.Admin.Application.Contracts\MiniEcommerce.Admin.Application.Contracts.csproj", "{25BFCF27-0131-4D90-8A48-B7B8FDE7AF5A}"
EndProject
Project("{9A19103F-16F7-4668-BE54-9A1E7A4F7556}") = "MiniEcommerce.Admin.HttpApi", "src\MiniEcommerce.Admin.HttpApi\MiniEcommerce.Admin.HttpApi.csproj", "{429802C9-00D1-4BF5-8C43-178568EE609F}"
EndProject
Project("{9A19103F-16F7-4668-BE54-9A1E7A4F7556}") = "MiniEcommerce.Admin.HttpApi.Client", "src\MiniEcommerce.Admin.HttpApi.Client\MiniEcommerce.Admin.HttpApi.Client.csproj", "{5A1B9E51-6AC5-4BC1-B4A0-93A952D39249}"
EndProject
Project("{9A19103F-16F7-4668-BE54-9A1E7A4F7556}") = "MiniEcommerce.Admin.HttpApi.Host", "src\MiniEcommerce.Admin.HttpApi.Host\MiniEcommerce.Admin.HttpApi.Host.csproj", "{A5E8A00E-DB70-47AD-97EA-47F96B62F3EB}"
EndProject
Project("{2150E333-8FDC-42A3-9474-1A3956D46DE8}") = "public", "public", "{12BE161A-A5C3-4B49-AF2E-B6629AB479BB}"
EndProject
Project("{2150E333-8FDC-42A3-9474-1A3956D46DE8}") = "admin", "admin", "{53E306A7-9419-487D-A953-414879509223}"
EndProject
Project("{9A19103F-16F7-4668-BE54-9A1E7A4F7556}") = "MiniEcommerce.Admin.Application.Tests", "test\MiniEcommerce.Admin.Application.Tests\MiniEcommerce.Admin.Application.Tests.csproj", "{39FC9E1F-A658-4C24-8943-D2AA1C99BCC1}"
EndProject
Project("{9A19103F-16F7-4668-BE54-9A1E7A4F7556}") = "MiniEcommerce.Admin.HttpApi.Client.ConsoleTestApp", "test\MiniEcommerce.Admin.HttpApi.Client.ConsoleTestApp\MiniEcommerce.Admin.HttpApi.Client.ConsoleTestApp.csproj", "{DE8180B2-F56A-43EF-AC3A-8334FC488349}"
EndProject
Project("{2150E333-8FDC-42A3-9474-1A3956D46DE8}") = "shared", "shared", "{5C097BFB-B64B-4F21-A708-4D0DC5164384}"
EndProject
Global
	GlobalSection(SolutionConfigurationPlatforms) = preSolution
		Debug|Any CPU = Debug|Any CPU
		Release|Any CPU = Release|Any CPU
	EndGlobalSection
	GlobalSection(ProjectConfigurationPlatforms) = postSolution
		{554AD327-6DBA-4F8F-96F8-81CE7A0C863F}.Debug|Any CPU.ActiveCfg = Debug|Any CPU
		{554AD327-6DBA-4F8F-96F8-81CE7A0C863F}.Debug|Any CPU.Build.0 = Debug|Any CPU
		{554AD327-6DBA-4F8F-96F8-81CE7A0C863F}.Release|Any CPU.ActiveCfg = Release|Any CPU
		{554AD327-6DBA-4F8F-96F8-81CE7A0C863F}.Release|Any CPU.Build.0 = Release|Any CPU
		{1A94A50E-06DC-43C1-80B5-B662820EC3EB}.Debug|Any CPU.ActiveCfg = Debug|Any CPU
		{1A94A50E-06DC-43C1-80B5-B662820EC3EB}.Debug|Any CPU.Build.0 = Debug|Any CPU
		{1A94A50E-06DC-43C1-80B5-B662820EC3EB}.Release|Any CPU.ActiveCfg = Release|Any CPU
		{1A94A50E-06DC-43C1-80B5-B662820EC3EB}.Release|Any CPU.Build.0 = Release|Any CPU
		{C956DD76-69C8-4A9C-83EA-D17DF83340FD}.Debug|Any CPU.ActiveCfg = Debug|Any CPU
		{C956DD76-69C8-4A9C-83EA-D17DF83340FD}.Debug|Any CPU.Build.0 = Debug|Any CPU
		{C956DD76-69C8-4A9C-83EA-D17DF83340FD}.Release|Any CPU.ActiveCfg = Release|Any CPU
		{C956DD76-69C8-4A9C-83EA-D17DF83340FD}.Release|Any CPU.Build.0 = Release|Any CPU
		{50B2631D-129C-47B3-A587-029CCD6099BC}.Debug|Any CPU.ActiveCfg = Debug|Any CPU
		{50B2631D-129C-47B3-A587-029CCD6099BC}.Debug|Any CPU.Build.0 = Debug|Any CPU
		{50B2631D-129C-47B3-A587-029CCD6099BC}.Release|Any CPU.ActiveCfg = Release|Any CPU
		{50B2631D-129C-47B3-A587-029CCD6099BC}.Release|Any CPU.Build.0 = Release|Any CPU
		{42F719ED-8413-4895-B5B4-5AB56079BC66}.Debug|Any CPU.ActiveCfg = Debug|Any CPU
		{42F719ED-8413-4895-B5B4-5AB56079BC66}.Debug|Any CPU.Build.0 = Debug|Any CPU
		{42F719ED-8413-4895-B5B4-5AB56079BC66}.Release|Any CPU.ActiveCfg = Release|Any CPU
		{42F719ED-8413-4895-B5B4-5AB56079BC66}.Release|Any CPU.Build.0 = Release|Any CPU
		{520659C8-C734-4298-A3DA-B539DB9DFC0B}.Debug|Any CPU.ActiveCfg = Debug|Any CPU
		{520659C8-C734-4298-A3DA-B539DB9DFC0B}.Debug|Any CPU.Build.0 = Debug|Any CPU
		{520659C8-C734-4298-A3DA-B539DB9DFC0B}.Release|Any CPU.ActiveCfg = Release|Any CPU
		{520659C8-C734-4298-A3DA-B539DB9DFC0B}.Release|Any CPU.Build.0 = Release|Any CPU
		{4164BDF7-F527-4E85-9CE6-E3C2D7426A27}.Debug|Any CPU.ActiveCfg = Debug|Any CPU
		{4164BDF7-F527-4E85-9CE6-E3C2D7426A27}.Debug|Any CPU.Build.0 = Debug|Any CPU
		{4164BDF7-F527-4E85-9CE6-E3C2D7426A27}.Release|Any CPU.ActiveCfg = Release|Any CPU
		{4164BDF7-F527-4E85-9CE6-E3C2D7426A27}.Release|Any CPU.Build.0 = Release|Any CPU
		{3B5A0094-670D-4BB1-BFDD-61B88A8773DC}.Debug|Any CPU.ActiveCfg = Debug|Any CPU
		{3B5A0094-670D-4BB1-BFDD-61B88A8773DC}.Debug|Any CPU.Build.0 = Debug|Any CPU
		{3B5A0094-670D-4BB1-BFDD-61B88A8773DC}.Release|Any CPU.ActiveCfg = Release|Any CPU
		{3B5A0094-670D-4BB1-BFDD-61B88A8773DC}.Release|Any CPU.Build.0 = Release|Any CPU
		{073C361E-B8F4-49F5-93CC-72A3FF49C026}.Debug|Any CPU.ActiveCfg = Debug|Any CPU
		{073C361E-B8F4-49F5-93CC-72A3FF49C026}.Debug|Any CPU.Build.0 = Debug|Any CPU
		{073C361E-B8F4-49F5-93CC-72A3FF49C026}.Release|Any CPU.ActiveCfg = Release|Any CPU
		{073C361E-B8F4-49F5-93CC-72A3FF49C026}.Release|Any CPU.Build.0 = Release|Any CPU
		{E6D5BF0E-DE92-4D82-A352-EF04B37CB11C}.Debug|Any CPU.ActiveCfg = Debug|Any CPU
		{E6D5BF0E-DE92-4D82-A352-EF04B37CB11C}.Debug|Any CPU.Build.0 = Debug|Any CPU
		{E6D5BF0E-DE92-4D82-A352-EF04B37CB11C}.Release|Any CPU.ActiveCfg = Release|Any CPU
		{E6D5BF0E-DE92-4D82-A352-EF04B37CB11C}.Release|Any CPU.Build.0 = Release|Any CPU
		{1FE30EB9-74A9-47F5-A9F6-7B1FAB672D81}.Debug|Any CPU.ActiveCfg = Debug|Any CPU
		{1FE30EB9-74A9-47F5-A9F6-7B1FAB672D81}.Debug|Any CPU.Build.0 = Debug|Any CPU
		{1FE30EB9-74A9-47F5-A9F6-7B1FAB672D81}.Release|Any CPU.ActiveCfg = Release|Any CPU
		{1FE30EB9-74A9-47F5-A9F6-7B1FAB672D81}.Release|Any CPU.Build.0 = Release|Any CPU
		{91853F21-9CD9-4132-BC29-A7D5D84FFFE7}.Debug|Any CPU.ActiveCfg = Debug|Any CPU
		{91853F21-9CD9-4132-BC29-A7D5D84FFFE7}.Debug|Any CPU.Build.0 = Debug|Any CPU
		{91853F21-9CD9-4132-BC29-A7D5D84FFFE7}.Release|Any CPU.ActiveCfg = Release|Any CPU
		{91853F21-9CD9-4132-BC29-A7D5D84FFFE7}.Release|Any CPU.Build.0 = Release|Any CPU
		{E512F4D9-9375-480F-A2F6-A46509F9D824}.Debug|Any CPU.ActiveCfg = Debug|Any CPU
		{E512F4D9-9375-480F-A2F6-A46509F9D824}.Debug|Any CPU.Build.0 = Debug|Any CPU
		{E512F4D9-9375-480F-A2F6-A46509F9D824}.Release|Any CPU.ActiveCfg = Release|Any CPU
		{E512F4D9-9375-480F-A2F6-A46509F9D824}.Release|Any CPU.Build.0 = Release|Any CPU
		{EF480016-9127-4916-8735-D2466BDBC582}.Debug|Any CPU.ActiveCfg = Debug|Any CPU
		{EF480016-9127-4916-8735-D2466BDBC582}.Debug|Any CPU.Build.0 = Debug|Any CPU
		{EF480016-9127-4916-8735-D2466BDBC582}.Release|Any CPU.ActiveCfg = Release|Any CPU
		{EF480016-9127-4916-8735-D2466BDBC582}.Release|Any CPU.Build.0 = Release|Any CPU
		{AA94D832-1CCC-4715-95A9-A483F23A1A5D}.Debug|Any CPU.ActiveCfg = Debug|Any CPU
		{AA94D832-1CCC-4715-95A9-A483F23A1A5D}.Debug|Any CPU.Build.0 = Debug|Any CPU
		{AA94D832-1CCC-4715-95A9-A483F23A1A5D}.Release|Any CPU.ActiveCfg = Release|Any CPU
		{AA94D832-1CCC-4715-95A9-A483F23A1A5D}.Release|Any CPU.Build.0 = Release|Any CPU
		{C9786E74-7F38-47D3-A88F-7A63EB4A4108}.Debug|Any CPU.ActiveCfg = Debug|Any CPU
		{C9786E74-7F38-47D3-A88F-7A63EB4A4108}.Debug|Any CPU.Build.0 = Debug|Any CPU
		{C9786E74-7F38-47D3-A88F-7A63EB4A4108}.Release|Any CPU.ActiveCfg = Release|Any CPU
		{C9786E74-7F38-47D3-A88F-7A63EB4A4108}.Release|Any CPU.Build.0 = Release|Any CPU
		{25BFCF27-0131-4D90-8A48-B7B8FDE7AF5A}.Debug|Any CPU.ActiveCfg = Debug|Any CPU
		{25BFCF27-0131-4D90-8A48-B7B8FDE7AF5A}.Debug|Any CPU.Build.0 = Debug|Any CPU
		{25BFCF27-0131-4D90-8A48-B7B8FDE7AF5A}.Release|Any CPU.ActiveCfg = Release|Any CPU
		{25BFCF27-0131-4D90-8A48-B7B8FDE7AF5A}.Release|Any CPU.Build.0 = Release|Any CPU
		{429802C9-00D1-4BF5-8C43-178568EE609F}.Debug|Any CPU.ActiveCfg = Debug|Any CPU
		{429802C9-00D1-4BF5-8C43-178568EE609F}.Debug|Any CPU.Build.0 = Debug|Any CPU
		{429802C9-00D1-4BF5-8C43-178568EE609F}.Release|Any CPU.ActiveCfg = Release|Any CPU
		{429802C9-00D1-4BF5-8C43-178568EE609F}.Release|Any CPU.Build.0 = Release|Any CPU
		{5A1B9E51-6AC5-4BC1-B4A0-93A952D39249}.Debug|Any CPU.ActiveCfg = Debug|Any CPU
		{5A1B9E51-6AC5-4BC1-B4A0-93A952D39249}.Debug|Any CPU.Build.0 = Debug|Any CPU
		{5A1B9E51-6AC5-4BC1-B4A0-93A952D39249}.Release|Any CPU.ActiveCfg = Release|Any CPU
		{5A1B9E51-6AC5-4BC1-B4A0-93A952D39249}.Release|Any CPU.Build.0 = Release|Any CPU
		{A5E8A00E-DB70-47AD-97EA-47F96B62F3EB}.Debug|Any CPU.ActiveCfg = Debug|Any CPU
		{A5E8A00E-DB70-47AD-97EA-47F96B62F3EB}.Debug|Any CPU.Build.0 = Debug|Any CPU
		{A5E8A00E-DB70-47AD-97EA-47F96B62F3EB}.Release|Any CPU.ActiveCfg = Release|Any CPU
		{A5E8A00E-DB70-47AD-97EA-47F96B62F3EB}.Release|Any CPU.Build.0 = Release|Any CPU
		{39FC9E1F-A658-4C24-8943-D2AA1C99BCC1}.Debug|Any CPU.ActiveCfg = Debug|Any CPU
		{39FC9E1F-A658-4C24-8943-D2AA1C99BCC1}.Debug|Any CPU.Build.0 = Debug|Any CPU
		{39FC9E1F-A658-4C24-8943-D2AA1C99BCC1}.Release|Any CPU.ActiveCfg = Release|Any CPU
		{39FC9E1F-A658-4C24-8943-D2AA1C99BCC1}.Release|Any CPU.Build.0 = Release|Any CPU
		{DE8180B2-F56A-43EF-AC3A-8334FC488349}.Debug|Any CPU.ActiveCfg = Debug|Any CPU
		{DE8180B2-F56A-43EF-AC3A-8334FC488349}.Debug|Any CPU.Build.0 = Debug|Any CPU
		{DE8180B2-F56A-43EF-AC3A-8334FC488349}.Release|Any CPU.ActiveCfg = Release|Any CPU
		{DE8180B2-F56A-43EF-AC3A-8334FC488349}.Release|Any CPU.Build.0 = Release|Any CPU
	EndGlobalSection
	GlobalSection(SolutionProperties) = preSolution
		HideSolutionNode = FALSE
	EndGlobalSection
	GlobalSection(NestedProjects) = preSolution
		{554AD327-6DBA-4F8F-96F8-81CE7A0C863F} = {D96629BE-D17F-42F7-AFBF-F0C03188FE65}
		{1A94A50E-06DC-43C1-80B5-B662820EC3EB} = {A204E583-B5B1-48F3-9664-20214CE8B46C}
		{C956DD76-69C8-4A9C-83EA-D17DF83340FD} = {7CDADFDE-3D22-40BE-96FF-BE12E20A1CD9}
		{50B2631D-129C-47B3-A587-029CCD6099BC} = {12BE161A-A5C3-4B49-AF2E-B6629AB479BB}
		{42F719ED-8413-4895-B5B4-5AB56079BC66} = {D96629BE-D17F-42F7-AFBF-F0C03188FE65}
		{520659C8-C734-4298-A3DA-B539DB9DFC0B} = {A204E583-B5B1-48F3-9664-20214CE8B46C}
		{4164BDF7-F527-4E85-9CE6-E3C2D7426A27} = {A204E583-B5B1-48F3-9664-20214CE8B46C}
		{3B5A0094-670D-4BB1-BFDD-61B88A8773DC} = {A204E583-B5B1-48F3-9664-20214CE8B46C}
		{073C361E-B8F4-49F5-93CC-72A3FF49C026} = {97DF5E96-8BA0-40B9-83D7-C1E526D60A14}
		{E6D5BF0E-DE92-4D82-A352-EF04B37CB11C} = {A204E583-B5B1-48F3-9664-20214CE8B46C}
		{1FE30EB9-74A9-47F5-A9F6-7B1FAB672D81} = {5C097BFB-B64B-4F21-A708-4D0DC5164384}
		{91853F21-9CD9-4132-BC29-A7D5D84FFFE7} = {5C097BFB-B64B-4F21-A708-4D0DC5164384}
		{E512F4D9-9375-480F-A2F6-A46509F9D824} = {5C097BFB-B64B-4F21-A708-4D0DC5164384}
		{EF480016-9127-4916-8735-D2466BDBC582} = {12BE161A-A5C3-4B49-AF2E-B6629AB479BB}
		{AA94D832-1CCC-4715-95A9-A483F23A1A5D} = {7CDADFDE-3D22-40BE-96FF-BE12E20A1CD9}
		{97DF5E96-8BA0-40B9-83D7-C1E526D60A14} = {CA9AC87F-097E-4F15-8393-4BC07735A5B0}
		{75E57837-C6D1-4F77-9C22-BF97F0EA422D} = {CA9AC87F-097E-4F15-8393-4BC07735A5B0}
		{D96629BE-D17F-42F7-AFBF-F0C03188FE65} = {75E57837-C6D1-4F77-9C22-BF97F0EA422D}
		{7CDADFDE-3D22-40BE-96FF-BE12E20A1CD9} = {75E57837-C6D1-4F77-9C22-BF97F0EA422D}
		{A204E583-B5B1-48F3-9664-20214CE8B46C} = {CA9AC87F-097E-4F15-8393-4BC07735A5B0}
		{805085C8-45B1-47C7-A1AE-389D9D9DA544} = {CA9AC87F-097E-4F15-8393-4BC07735A5B0}
		{C9786E74-7F38-47D3-A88F-7A63EB4A4108} = {805085C8-45B1-47C7-A1AE-389D9D9DA544}
		{25BFCF27-0131-4D90-8A48-B7B8FDE7AF5A} = {805085C8-45B1-47C7-A1AE-389D9D9DA544}
		{429802C9-00D1-4BF5-8C43-178568EE609F} = {805085C8-45B1-47C7-A1AE-389D9D9DA544}
		{5A1B9E51-6AC5-4BC1-B4A0-93A952D39249} = {805085C8-45B1-47C7-A1AE-389D9D9DA544}
		{A5E8A00E-DB70-47AD-97EA-47F96B62F3EB} = {805085C8-45B1-47C7-A1AE-389D9D9DA544}
		{12BE161A-A5C3-4B49-AF2E-B6629AB479BB} = {04DBDB01-70F4-4E06-B468-8F87850B22BE}
		{53E306A7-9419-487D-A953-414879509223} = {04DBDB01-70F4-4E06-B468-8F87850B22BE}
		{39FC9E1F-A658-4C24-8943-D2AA1C99BCC1} = {53E306A7-9419-487D-A953-414879509223}
		{DE8180B2-F56A-43EF-AC3A-8334FC488349} = {53E306A7-9419-487D-A953-414879509223}
		{5C097BFB-B64B-4F21-A708-4D0DC5164384} = {04DBDB01-70F4-4E06-B468-8F87850B22BE}
	EndGlobalSection
	GlobalSection(ExtensibilityGlobals) = postSolution
		SolutionGuid = {28315BFD-90E7-4E14-A2EA-F3D23AF4126F}
	EndGlobalSection
EndGlobal
